
Microsoft Visual Studio Solution File, Format Version 12.00
# Visual Studio Version 16
VisualStudioVersion = 16.0.31911.196
MinimumVisualStudioVersion = 10.0.40219.1
Project("{9A19103F-16F7-4668-BE54-9A1E7A4F7556}") = "SecretManager", "SecretManager\SecretManager.csproj", "{C3AF7531-AEF0-4295-8DF6-E644B8A71069}"
EndProject
Project("{FAE04EC0-301F-11D3-BF4B-00C04F79EFBC}") = "Example", "Example\Example.csproj", "{B0231DA2-325D-4F96-9616-BE3F75F66AE9}"
EndProject
Global
	GlobalSection(SolutionConfigurationPlatforms) = preSolution
		Debug|Any CPU = Debug|Any CPU
		Release|Any CPU = Release|Any CPU
	EndGlobalSection
	GlobalSection(ProjectConfigurationPlatforms) = postSolution
		{C3AF7531-AEF0-4295-8DF6-E644B8A71069}.Debug|Any CPU.ActiveCfg = Debug|Any CPU
		{C3AF7531-AEF0-4295-8DF6-E644B8A71069}.Debug|Any CPU.Build.0 = Debug|Any CPU
		{C3AF7531-AEF0-4295-8DF6-E644B8A71069}.Release|Any CPU.ActiveCfg = Release|Any CPU
		{C3AF7531-AEF0-4295-8DF6-E644B8A71069}.Release|Any CPU.Build.0 = Release|Any CPU
		{B0231DA2-325D-4F96-9616-BE3F75F66AE9}.Debug|Any CPU.ActiveCfg = Debug|Any CPU
		{B0231DA2-325D-4F96-9616-BE3F75F66AE9}.Debug|Any CPU.Build.0 = Debug|Any CPU
		{B0231DA2-325D-4F96-9616-BE3F75F66AE9}.Release|Any CPU.ActiveCfg = Release|Any CPU
		{B0231DA2-325D-4F96-9616-BE3F75F66AE9}.Release|Any CPU.Build.0 = Release|Any CPU
	EndGlobalSection
	GlobalSection(SolutionProperties) = preSolution
		HideSolutionNode = FALSE
	EndGlobalSection
	GlobalSection(ExtensibilityGlobals) = postSolution
		SolutionGuid = {B16E366A-AE08-4532-B1B9-825DCCDB61CB}
	EndGlobalSection
EndGlobal
